// !$*UTF8*$!
{
	archiveVersion = 1;
	classes = {
	};
	objectVersion = 48;
	objects = {

/* Begin PBXBuildFile section */
		BEE5B3CE1F8C93E900669F6C /* AppDelegate.swift in Sources */ = {isa = PBXBuildFile; fileRef = BEE5B3CD1F8C93E900669F6C /* AppDelegate.swift */; };
		BEE5B3D01F8C93E900669F6C /* MasterViewController.swift in Sources */ = {isa = PBXBuildFile; fileRef = BEE5B3CF1F8C93E900669F6C /* MasterViewController.swift */; };
		BEE5B3D21F8C93E900669F6C /* DetailViewController.swift in Sources */ = {isa = PBXBuildFile; fileRef = BEE5B3D11F8C93E900669F6C /* DetailViewController.swift */; };
		BEE5B3D51F8C93E900669F6C /* Main.storyboard in Resources */ = {isa = PBXBuildFile; fileRef = BEE5B3D31F8C93E900669F6C /* Main.storyboard */; };
		BEE5B3D71F8C93E900669F6C /* Assets.xcassets in Resources */ = {isa = PBXBuildFile; fileRef = BEE5B3D61F8C93E900669F6C /* Assets.xcassets */; };
		BEE5B3DA1F8C93E900669F6C /* LaunchScreen.storyboard in Resources */ = {isa = PBXBuildFile; fileRef = BEE5B3D81F8C93E900669F6C /* LaunchScreen.storyboard */; };
/* End PBXBuildFile section */

/* Begin PBXFileReference section */
		BEE5B3CA1F8C93E900669F6C /* DnDShowcase.app */ = {isa = PBXFileReference; explicitFileType = wrapper.application; includeInIndex = 0; path = DnDShowcase.app; sourceTree = BUILT_PRODUCTS_DIR; };
		BEE5B3CD1F8C93E900669F6C /* AppDelegate.swift */ = {isa = PBXFileReference; lastKnownFileType = sourcecode.swift; path = AppDelegate.swift; sourceTree = "<group>"; };
		BEE5B3CF1F8C93E900669F6C /* MasterViewController.swift */ = {isa = PBXFileReference; lastKnownFileType = sourcecode.swift; path = MasterViewController.swift; sourceTree = "<group>"; };
		BEE5B3D11F8C93E900669F6C /* DetailViewController.swift */ = {isa = PBXFileReference; lastKnownFileType = sourcecode.swift; path = DetailViewController.swift; sourceTree = "<group>"; };
		BEE5B3D41F8C93E900669F6C /* Base */ = {isa = PBXFileReference; lastKnownFileType = file.storyboard; name = Base; path = Base.lproj/Main.storyboard; sourceTree = "<group>"; };
		BEE5B3D61F8C93E900669F6C /* Assets.xcassets */ = {isa = PBXFileReference; lastKnownFileType = folder.assetcatalog; path = Assets.xcassets; sourceTree = "<group>"; };
		BEE5B3D91F8C93E900669F6C /* Base */ = {isa = PBXFileReference; lastKnownFileType = file.storyboard; name = Base; path = Base.lproj/LaunchScreen.storyboard; sourceTree = "<group>"; };
		BEE5B3DB1F8C93EA00669F6C /* Info.plist */ = {isa = PBXFileReference; lastKnownFileType = text.plist.xml; path = Info.plist; sourceTree = "<group>"; };
/* End PBXFileReference section */

/* Begin PBXFrameworksBuildPhase section */
		BEE5B3C71F8C93E900669F6C /* Frameworks */ = {
			isa = PBXFrameworksBuildPhase;
			buildActionMask = 2147483647;
			files = (
			);
			runOnlyForDeploymentPostprocessing = 0;
		};
/* End PBXFrameworksBuildPhase section */

/* Begin PBXGroup section */
		BEE5B3C11F8C93E900669F6C = {
			isa = PBXGroup;
			children = (
				BEE5B3CC1F8C93E900669F6C /* DnDShowcase */,
				BEE5B3CB1F8C93E900669F6C /* Products */,
			);
			sourceTree = "<group>";
		};
		BEE5B3CB1F8C93E900669F6C /* Products */ = {
			isa = PBXGroup;
			children = (
				BEE5B3CA1F8C93E900669F6C /* DnDShowcase.app */,
			);
			name = Products;
			sourceTree = "<group>";
		};
		BEE5B3CC1F8C93E900669F6C /* DnDShowcase */ = {
			isa = PBXGroup;
			children = (
				BEE5B3CD1F8C93E900669F6C /* AppDelegate.swift */,
				BEE5B3CF1F8C93E900669F6C /* MasterViewController.swift */,
				BEE5B3D11F8C93E900669F6C /* DetailViewController.swift */,
				BEE5B3D31F8C93E900669F6C /* Main.storyboard */,
				BEE5B3D61F8C93E900669F6C /* Assets.xcassets */,
				BEE5B3D81F8C93E900669F6C /* LaunchScreen.storyboard */,
				BEE5B3DB1F8C93EA00669F6C /* Info.plist */,
			);
			path = DnDShowcase;
			sourceTree = "<group>";
		};
/* End PBXGroup section */

/* Begin PBXNativeTarget section */
		BEE5B3C91F8C93E900669F6C /* DnDShowcase */ = {
			isa = PBXNativeTarget;
			buildConfigurationList = BEE5B3DE1F8C93EA00669F6C /* Build configuration list for PBXNativeTarget "DnDShowcase" */;
			buildPhases = (
				BEE5B3C61F8C93E900669F6C /* Sources */,
				BEE5B3C71F8C93E900669F6C /* Frameworks */,
				BEE5B3C81F8C93E900669F6C /* Resources */,
			);
			buildRules = (
			);
			dependencies = (
			);
			name = DnDShowcase;
			productName = DnDShowcase;
			productReference = BEE5B3CA1F8C93E900669F6C /* DnDShowcase.app */;
			productType = "com.apple.product-type.application";
		};
/* End PBXNativeTarget section */

/* Begin PBXProject section */
		BEE5B3C21F8C93E900669F6C /* Project object */ = {
			isa = PBXProject;
			attributes = {
				LastSwiftUpdateCheck = 0900;
				LastUpgradeCheck = 0900;
				ORGANIZATIONNAME = "Netguru Sp. z o.o";
				TargetAttributes = {
					BEE5B3C91F8C93E900669F6C = {
						CreatedOnToolsVersion = 9.0;
						ProvisioningStyle = Automatic;
					};
				};
			};
			buildConfigurationList = BEE5B3C51F8C93E900669F6C /* Build configuration list for PBXProject "DnDShowcase" */;
			compatibilityVersion = "Xcode 8.0";
			developmentRegion = en;
			hasScannedForEncodings = 0;
			knownRegions = (
				en,
				Base,
			);
			mainGroup = BEE5B3C11F8C93E900669F6C;
			productRefGroup = BEE5B3CB1F8C93E900669F6C /* Products */;
			projectDirPath = "";
			projectRoot = "";
			targets = (
				BEE5B3C91F8C93E900669F6C /* DnDShowcase */,
			);
		};
/* End PBXProject section */

/* Begin PBXResourcesBuildPhase section */
		BEE5B3C81F8C93E900669F6C /* Resources */ = {
			isa = PBXResourcesBuildPhase;
			buildActionMask = 2147483647;
			files = (
				BEE5B3DA1F8C93E900669F6C /* LaunchScreen.storyboard in Resources */,
				BEE5B3D71F8C93E900669F6C /* Assets.xcassets in Resources */,
				BEE5B3D51F8C93E900669F6C /* Main.storyboard in Resources */,
			);
			runOnlyForDeploymentPostprocessing = 0;
		};
/* End PBXResourcesBuildPhase section */

/* Begin PBXSourcesBuildPhase section */
		BEE5B3C61F8C93E900669F6C /* Sources */ = {
			isa = PBXSourcesBuildPhase;
			buildActionMask = 2147483647;
			files = (
				BEE5B3D21F8C93E900669F6C /* DetailViewController.swift in Sources */,
				BEE5B3D01F8C93E900669F6C /* MasterViewController.swift in Sources */,
				BEE5B3CE1F8C93E900669F6C /* AppDelegate.swift in Sources */,
			);
			runOnlyForDeploymentPostprocessing = 0;
		};
/* End PBXSourcesBuildPhase section */

/* Begin PBXVariantGroup section */
		BEE5B3D31F8C93E900669F6C /* Main.storyboard */ = {
			isa = PBXVariantGroup;
			children = (
				BEE5B3D41F8C93E900669F6C /* Base */,
			);
			name = Main.storyboard;
			sourceTree = "<group>";
		};
		BEE5B3D81F8C93E900669F6C /* LaunchScreen.storyboard */ = {
			isa = PBXVariantGroup;
			children = (
				BEE5B3D91F8C93E900669F6C /* Base */,
			);
			name = LaunchScreen.storyboard;
			sourceTree = "<group>";
		};
/* End PBXVariantGroup section */

/* Begin XCBuildConfiguration section */
		BEE5B3DC1F8C93EA00669F6C /* Debug */ = {
			isa = XCBuildConfiguration;
			buildSettings = {
				ALWAYS_SEARCH_USER_PATHS = NO;
				CLANG_ANALYZER_NONNULL = YES;
				CLANG_ANALYZER_NUMBER_OBJECT_CONVERSION = YES_AGGRESSIVE;
				CLANG_CXX_LANGUAGE_STANDARD = "gnu++14";
				CLANG_CXX_LIBRARY = "libc++";
				CLANG_ENABLE_MODULES = YES;
				CLANG_ENABLE_OBJC_ARC = YES;
				CLANG_WARN_BLOCK_CAPTURE_AUTORELEASING = YES;
				CLANG_WARN_BOOL_CONVERSION = YES;
				CLANG_WARN_COMMA = YES;
				CLANG_WARN_CONSTANT_CONVERSION = YES;
				CLANG_WARN_DIRECT_OBJC_ISA_USAGE = YES_ERROR;
				CLANG_WARN_DOCUMENTATION_COMMENTS = YES;
				CLANG_WARN_EMPTY_BODY = YES;
				CLANG_WARN_ENUM_CONVERSION = YES;
				CLANG_WARN_INFINITE_RECURSION = YES;
				CLANG_WARN_INT_CONVERSION = YES;
				CLANG_WARN_NON_LITERAL_NULL_CONVERSION = YES;
				CLANG_WARN_OBJC_LITERAL_CONVERSION = YES;
				CLANG_WARN_OBJC_ROOT_CLASS = YES_ERROR;
				CLANG_WARN_RANGE_LOOP_ANALYSIS = YES;
				CLANG_WARN_STRICT_PROTOTYPES = YES;
				CLANG_WARN_SUSPICIOUS_MOVE = YES;
				CLANG_WARN_UNGUARDED_AVAILABILITY = YES_AGGRESSIVE;
				CLANG_WARN_UNREACHABLE_CODE = YES;
				CLANG_WARN__DUPLICATE_METHOD_MATCH = YES;
				CODE_SIGN_IDENTITY = "iPhone Developer";
				COPY_PHASE_STRIP = NO;
				DEBUG_INFORMATION_FORMAT = dwarf;
				ENABLE_STRICT_OBJC_MSGSEND = YES;
				ENABLE_TESTABILITY = YES;
				GCC_C_LANGUAGE_STANDARD = gnu11;
				GCC_DYNAMIC_NO_PIC = NO;
				GCC_NO_COMMON_BLOCKS = YES;
				GCC_OPTIMIZATION_LEVEL = 0;
				GCC_PREPROCESSOR_DEFINITIONS = (
					"DEBUG=1",
					"$(inherited)",
				);
				GCC_WARN_64_TO_32_BIT_CONVERSION = YES;
				GCC_WARN_ABOUT_RETURN_TYPE = YES_ERROR;
				GCC_WARN_UNDECLARED_SELECTOR = YES;
				GCC_WARN_UNINITIALIZED_AUTOS = YES_AGGRESSIVE;
				GCC_WARN_UNUSED_FUNCTION = YES;
				GCC_WARN_UNUSED_VARIABLE = YES;
				IPHONEOS_DEPLOYMENT_TARGET = 11.0;
				MTL_ENABLE_DEBUG_INFO = YES;
				ONLY_ACTIVE_ARCH = YES;
				SDKROOT = iphoneos;
				SWIFT_ACTIVE_COMPILATION_CONDITIONS = DEBUG;
				SWIFT_OPTIMIZATION_LEVEL = "-Onone";
			};
			name = Debug;
		};
		BEE5B3DD1F8C93EA00669F6C /* Release */ = {
			isa = XCBuildConfiguration;
			buildSettings = {
				ALWAYS_SEARCH_USER_PATHS = NO;
				CLANG_ANALYZER_NONNULL = YES;
				CLANG_ANALYZER_NUMBER_OBJECT_CONVERSION = YES_AGGRESSIVE;
				CLANG_CXX_LANGUAGE_STANDARD = "gnu++14";
				CLANG_CXX_LIBRARY = "libc++";
				CLANG_ENABLE_MODULES = YES;
				CLANG_ENABLE_OBJC_ARC = YES;
				CLANG_WARN_BLOCK_CAPTURE_AUTORELEASING = YES;
				CLANG_WARN_BOOL_CONVERSION = YES;
				CLANG_WARN_COMMA = YES;
				CLANG_WARN_CONSTANT_CONVERSION = YES;
				CLANG_WARN_DIRECT_OBJC_ISA_USAGE = YES_ERROR;
				CLANG_WARN_DOCUMENTATION_COMMENTS = YES;
				CLANG_WARN_EMPTY_BODY = YES;
				CLANG_WARN_ENUM_CONVERSION = YES;
				CLANG_WARN_INFINITE_RECURSION = YES;
				CLANG_WARN_INT_CONVERSION = YES;
				CLANG_WARN_NON_LITERAL_NULL_CONVERSION = YES;
				CLANG_WARN_OBJC_LITERAL_CONVERSION = YES;
				CLANG_WARN_OBJC_ROOT_CLASS = YES_ERROR;
				CLANG_WARN_RANGE_LOOP_ANALYSIS = YES;
				CLANG_WARN_STRICT_PROTOTYPES = YES;
				CLANG_WARN_SUSPICIOUS_MOVE = YES;
				CLANG_WARN_UNGUARDED_AVAILABILITY = YES_AGGRESSIVE;
				CLANG_WARN_UNREACHABLE_CODE = YES;
				CLANG_WARN__DUPLICATE_METHOD_MATCH = YES;
				CODE_SIGN_IDENTITY = "iPhone Developer";
				COPY_PHASE_STRIP = NO;
				DEBUG_INFORMATION_FORMAT = "dwarf-with-dsym";
				ENABLE_NS_ASSERTIONS = NO;
				ENABLE_STRICT_OBJC_MSGSEND = YES;
				GCC_C_LANGUAGE_STANDARD = gnu11;
				GCC_NO_COMMON_BLOCKS = YES;
				GCC_WARN_64_TO_32_BIT_CONVERSION = YES;
				GCC_WARN_ABOUT_RETURN_TYPE = YES_ERROR;
				GCC_WARN_UNDECLARED_SELECTOR = YES;
				GCC_WARN_UNINITIALIZED_AUTOS = YES_AGGRESSIVE;
				GCC_WARN_UNUSED_FUNCTION = YES;
				GCC_WARN_UNUSED_VARIABLE = YES;
				IPHONEOS_DEPLOYMENT_TARGET = 11.0;
				MTL_ENABLE_DEBUG_INFO = NO;
				SDKROOT = iphoneos;
				SWIFT_OPTIMIZATION_LEVEL = "-Owholemodule";
				VALIDATE_PRODUCT = YES;
			};
			name = Release;
		};
		BEE5B3DF1F8C93EA00669F6C /* Debug */ = {
			isa = XCBuildConfiguration;
			buildSettings = {
				ASSETCATALOG_COMPILER_APPICON_NAME = AppIcon;
				CODE_SIGN_STYLE = Automatic;
				INFOPLIST_FILE = DnDShowcase/Info.plist;
				LD_RUNPATH_SEARCH_PATHS = "$(inherited) @executable_path/Frameworks";
				PRODUCT_BUNDLE_IDENTIFIER = co.netguru.DnDShowcase;
				PRODUCT_NAME = "$(TARGET_NAME)";
				SWIFT_VERSION = 4.0;
				TARGETED_DEVICE_FAMILY = "1,2";
			};
			name = Debug;
		};
		BEE5B3E01F8C93EA00669F6C /* Release */ = {
			isa = XCBuildConfiguration;
			buildSettings = {
				ASSETCATALOG_COMPILER_APPICON_NAME = AppIcon;
				CODE_SIGN_STYLE = Automatic;
				INFOPLIST_FILE = DnDShowcase/Info.plist;
				LD_RUNPATH_SEARCH_PATHS = "$(inherited) @executable_path/Frameworks";
				PRODUCT_BUNDLE_IDENTIFIER = co.netguru.DnDShowcase;
				PRODUCT_NAME = "$(TARGET_NAME)";
				SWIFT_VERSION = 4.0;
				TARGETED_DEVICE_FAMILY = "1,2";
			};
			name = Release;
		};
/* End XCBuildConfiguration section */

/* Begin XCConfigurationList section */
		BEE5B3C51F8C93E900669F6C /* Build configuration list for PBXProject "DnDShowcase" */ = {
			isa = XCConfigurationList;
			buildConfigurations = (
				BEE5B3DC1F8C93EA00669F6C /* Debug */,
				BEE5B3DD1F8C93EA00669F6C /* Release */,
			);
			defaultConfigurationIsVisible = 0;
			defaultConfigurationName = Release;
		};
		BEE5B3DE1F8C93EA00669F6C /* Build configuration list for PBXNativeTarget "DnDShowcase" */ = {
			isa = XCConfigurationList;
			buildConfigurations = (
				BEE5B3DF1F8C93EA00669F6C /* Debug */,
				BEE5B3E01F8C93EA00669F6C /* Release */,
			);
			defaultConfigurationIsVisible = 0;
			defaultConfigurationName = Release;
		};
/* End XCConfigurationList section */
	};
	rootObject = BEE5B3C21F8C93E900669F6C /* Project object */;
}
